{
  "nodes": {
    "flake-compat": {
      "flake": false,
      "locked": {
        "lastModified": 1696426674,
        "narHash": "sha256-kvjfFW7WAETZlt09AgDn1MrtKzP7t90Vf7vypd3OL1U=",
        "owner": "edolstra",
        "repo": "flake-compat",
        "rev": "0f9255e01c2351cc7d116c072cb317785dd33b33",
        "type": "github"
      },
      "original": {
        "owner": "edolstra",
        "repo": "flake-compat",
        "type": "github"
      }
    },
    "flake-compat_2": {
      "flake": false,
      "locked": {
        "lastModified": 1696426674,
        "narHash": "sha256-kvjfFW7WAETZlt09AgDn1MrtKzP7t90Vf7vypd3OL1U=",
        "owner": "edolstra",
        "repo": "flake-compat",
        "rev": "0f9255e01c2351cc7d116c072cb317785dd33b33",
        "type": "github"
      },
      "original": {
        "owner": "edolstra",
        "repo": "flake-compat",
        "type": "github"
      }
    },
    "futils": {
      "inputs": {
        "systems": "systems"
      },
      "locked": {
        "lastModified": 1710146030,
        "narHash": "sha256-SZ5L6eA7HJ/nmkzGG7/ISclqe6oZdOZTNoesiInkXPQ=",
        "owner": "numtide",
        "repo": "flake-utils",
        "rev": "b1d9ab70662946ef0850d488da1c9019f3a9752a",
        "type": "github"
      },
      "original": {
        "owner": "numtide",
        "repo": "flake-utils",
        "type": "github"
      }
    },
    "futils_2": {
      "inputs": {
        "systems": "systems_3"
      },
      "locked": {
        "lastModified": 1710146030,
        "narHash": "sha256-SZ5L6eA7HJ/nmkzGG7/ISclqe6oZdOZTNoesiInkXPQ=",
        "owner": "numtide",
        "repo": "flake-utils",
        "rev": "b1d9ab70662946ef0850d488da1c9019f3a9752a",
        "type": "github"
      },
      "original": {
        "owner": "numtide",
        "repo": "flake-utils",
        "type": "github"
      }
    },
    "gitignore": {
      "inputs": {
        "nixpkgs": [
          "iac",
          "pre-commit-hooks",
          "nixpkgs"
        ]
      },
      "locked": {
        "lastModified": 1709087332,
        "narHash": "sha256-HG2cCnktfHsKV0s4XW83gU3F57gaTljL9KNSuG6bnQs=",
        "owner": "hercules-ci",
        "repo": "gitignore.nix",
        "rev": "637db329424fd7e46cf4185293b9cc8c88c95394",
        "type": "github"
      },
      "original": {
        "owner": "hercules-ci",
        "repo": "gitignore.nix",
        "type": "github"
      }
    },
    "gitignore_2": {
      "inputs": {
        "nixpkgs": [
          "jdc-home-manager",
          "iac",
          "pre-commit-hooks",
          "nixpkgs"
        ]
      },
      "locked": {
        "lastModified": 1709087332,
        "narHash": "sha256-HG2cCnktfHsKV0s4XW83gU3F57gaTljL9KNSuG6bnQs=",
        "owner": "hercules-ci",
        "repo": "gitignore.nix",
        "rev": "637db329424fd7e46cf4185293b9cc8c88c95394",
        "type": "github"
      },
      "original": {
        "owner": "hercules-ci",
        "repo": "gitignore.nix",
        "type": "github"
      }
    },
    "home-manager": {
      "inputs": {
        "nixpkgs": [
          "jdc-home-manager",
          "nixpkgs"
        ]
      },
      "locked": {
        "lastModified": 1715930644,
        "narHash": "sha256-W9pyM3/vePxrffHtzlJI6lDS3seANQ+Nqp+i58O46LI=",
        "owner": "nix-community",
        "repo": "home-manager",
        "rev": "e3ad5108f54177e6520535768ddbf1e6af54b59d",
        "type": "github"
      },
      "original": {
        "owner": "nix-community",
        "repo": "home-manager",
        "type": "github"
      }
    },
    "hy3": {
      "inputs": {
        "hyprland": [
          "jdc-home-manager",
          "hyprland"
        ]
      },
      "locked": {
        "lastModified": 1712193892,
        "narHash": "sha256-ZVwX5yM97R6MLk64dQG5KqYOR4L4HxEEV+xzQi+NGrk=",
        "owner": "outfoxxed",
        "repo": "hy3",
        "rev": "ea9074a2af62d4000a4533aaa0d5d271644933fc",
        "type": "github"
      },
      "original": {
        "owner": "outfoxxed",
        "ref": "hl0.38.0",
        "repo": "hy3",
        "type": "github"
      }
    },
    "hyprcursor": {
      "inputs": {
        "hyprlang": "hyprlang",
        "nixpkgs": [
          "jdc-home-manager",
          "hyprland",
          "nixpkgs"
        ],
        "systems": [
          "jdc-home-manager",
          "hyprland",
          "systems"
        ]
      },
      "locked": {
        "lastModified": 1711466786,
        "narHash": "sha256-sArxGyUBiCA1in+q6t0QqT+ZJiZ1PyBp7cNPKLmREM0=",
        "owner": "hyprwm",
        "repo": "hyprcursor",
        "rev": "d3876f34779cc03ee51e4aafc0d00a4f187c7544",
        "type": "github"
      },
      "original": {
        "owner": "hyprwm",
        "repo": "hyprcursor",
        "type": "github"
      }
    },
    "hyprland": {
      "inputs": {
        "hyprcursor": "hyprcursor",
        "hyprland-protocols": "hyprland-protocols",
        "hyprlang": "hyprlang_2",
        "nixpkgs": [
          "jdc-home-manager",
          "nixpkgs"
        ],
        "systems": [
          "jdc-home-manager",
          "flake-utils",
          "systems"
        ],
        "wlroots": "wlroots",
        "xdph": "xdph"
      },
      "locked": {
        "lastModified": 1711996237,
        "narHash": "sha256-oa82eFINs1HkEnx3Nu+GEQQxXXNkJzSci3HZU//OJ2Y=",
        "owner": "hyprwm",
        "repo": "Hyprland",
        "rev": "3875679755014997776e091ff8903acfb311dd2f",
        "type": "github"
      },
      "original": {
        "owner": "hyprwm",
        "ref": "v0.38.0",
        "repo": "Hyprland",
        "type": "github"
      }
    },
    "hyprland-protocols": {
      "inputs": {
        "nixpkgs": [
          "jdc-home-manager",
          "hyprland",
          "nixpkgs"
        ],
        "systems": [
          "jdc-home-manager",
          "hyprland",
          "systems"
        ]
      },
      "locked": {
        "lastModified": 1691753796,
        "narHash": "sha256-zOEwiWoXk3j3+EoF3ySUJmberFewWlagvewDRuWYAso=",
        "owner": "hyprwm",
        "repo": "hyprland-protocols",
        "rev": "0c2ce70625cb30aef199cb388f99e19a61a6ce03",
        "type": "github"
      },
      "original": {
        "owner": "hyprwm",
        "repo": "hyprland-protocols",
        "type": "github"
      }
    },
    "hyprlang": {
      "inputs": {
        "nixpkgs": [
          "jdc-home-manager",
          "hyprland",
          "hyprcursor",
          "nixpkgs"
        ],
        "systems": "systems_2"
      },
      "locked": {
        "lastModified": 1709914708,
        "narHash": "sha256-bR4o3mynoTa1Wi4ZTjbnsZ6iqVcPGriXp56bZh5UFTk=",
        "owner": "hyprwm",
        "repo": "hyprlang",
        "rev": "a685493fdbeec01ca8ccdf1f3655c044a8ce2fe2",
        "type": "github"
      },
      "original": {
        "owner": "hyprwm",
        "repo": "hyprlang",
        "type": "github"
      }
    },
    "hyprlang_2": {
      "inputs": {
        "nixpkgs": [
          "jdc-home-manager",
          "hyprland",
          "nixpkgs"
        ],
        "systems": [
          "jdc-home-manager",
          "hyprland",
          "systems"
        ]
      },
      "locked": {
        "lastModified": 1711250455,
        "narHash": "sha256-LSq1ZsTpeD7xsqvlsepDEelWRDtAhqwetp6PusHXJRo=",
        "owner": "hyprwm",
        "repo": "hyprlang",
        "rev": "b3e430f81f3364c5dd1a3cc9995706a4799eb3fa",
        "type": "github"
      },
      "original": {
        "owner": "hyprwm",
        "repo": "hyprlang",
        "type": "github"
      }
    },
    "iac": {
      "inputs": {
        "futils": "futils",
        "nixpkgs": "nixpkgs",
        "pre-commit-hooks": "pre-commit-hooks"
      },
      "locked": {
        "lastModified": 1720286107,
        "narHash": "sha256-ZkeFx9q7ctOk8bMmQJLtUHSw+6bEfI5I6ZtCB7w8aJk=",
        "ref": "refs/heads/main",
        "rev": "5e31599c952e9b3bf21746572c3c9976cc6491c5",
        "revCount": 259,
        "type": "git",
        "url": "https://gitlab.julesdecube.com/infra/iac"
      },
      "original": {
        "type": "git",
        "url": "https://gitlab.julesdecube.com/infra/iac"
      }
    },
    "iac_2": {
      "inputs": {
        "futils": "futils_2",
        "nixpkgs": "nixpkgs_2",
        "pre-commit-hooks": "pre-commit-hooks_2"
      },
      "locked": {
        "lastModified": 1715664296,
        "narHash": "sha256-A36YL7A8TrOV+kY/ND1cjT0L1CgHytpfaDOMQAX032A=",
        "ref": "refs/heads/main",
        "rev": "21021a1c25a28966ee3fd16575dd6677905b3e4e",
        "revCount": 249,
        "type": "git",
        "url": "https://gitlab.julesdecube.com/infra/iac"
      },
      "original": {
        "type": "git",
        "url": "https://gitlab.julesdecube.com/infra/iac"
      }
    },
    "jdc-home-manager": {
      "inputs": {
        "flake-utils": [
          "futils"
        ],
        "home-manager": "home-manager",
        "hy3": "hy3",
        "hyprland": "hyprland",
        "iac": "iac_2",
        "nixpkgs": [
          "nixpkgs"
        ],
        "pre-commit-hooks": [
          "jdc-home-manager",
          "iac",
          "pre-commit-hooks"
        ]
      },
      "locked": {
        "lastModified": 1715978801,
        "narHash": "sha256-ss0g7qqkZQqLVPtuDX0PSsU1gXDNJFEVYKlXzCUEjAQ=",
        "ref": "refs/heads/main",
        "rev": "67b3ac25aaff40165fda5baf7e4ef74057867621",
        "revCount": 140,
        "type": "git",
        "url": "https://gitlab.julesdecube.com/julesdecube/home-manager"
      },
      "original": {
        "type": "git",
        "url": "https://gitlab.julesdecube.com/julesdecube/home-manager"
      }
    },
    "nixpkgs": {
      "locked": {
        "lastModified": 1719956923,
        "narHash": "sha256-nNJHJ9kfPdzYsCOlHOnbiiyKjZUW5sWbwx3cakg3/C4=",
        "owner": "nixos",
        "repo": "nixpkgs",
        "rev": "706eef542dec88cc0ed25b9075d3037564b2d164",
        "type": "github"
      },
      "original": {
        "owner": "nixos",
        "ref": "nixos-24.05",
        "repo": "nixpkgs",
        "type": "github"
      }
    },
    "nixpkgs_2": {
      "locked": {
        "lastModified": 1714906307,
        "narHash": "sha256-UlRZtrCnhPFSJlDQE7M0eyhgvuuHBTe1eJ9N9AQlJQ0=",
        "owner": "nixos",
        "repo": "nixpkgs",
        "rev": "25865a40d14b3f9cf19f19b924e2ab4069b09588",
        "type": "github"
      },
      "original": {
        "owner": "nixos",
        "ref": "nixos-unstable",
        "repo": "nixpkgs",
        "type": "github"
      }
    },
    "pre-commit-hooks": {
      "inputs": {
        "flake-compat": "flake-compat",
        "gitignore": "gitignore",
        "nixpkgs": [
          "iac",
          "nixpkgs"
        ],
        "nixpkgs-stable": [
          "iac",
          "nixpkgs"
        ]
      },
      "locked": {
        "lastModified": 1719259945,
        "narHash": "sha256-F1h+XIsGKT9TkGO3omxDLEb/9jOOsI6NnzsXFsZhry4=",
        "owner": "cachix",
        "repo": "pre-commit-hooks.nix",
        "rev": "0ff4381bbb8f7a52ca4a851660fc7a437a4c6e07",
        "type": "github"
      },
      "original": {
        "owner": "cachix",
        "repo": "pre-commit-hooks.nix",
        "type": "github"
      }
    },
    "pre-commit-hooks_2": {
      "inputs": {
        "flake-compat": "flake-compat_2",
        "flake-utils": [
          "jdc-home-manager",
          "iac",
          "futils"
        ],
        "gitignore": "gitignore_2",
        "nixpkgs": [
          "jdc-home-manager",
          "iac",
          "nixpkgs"
        ],
        "nixpkgs-stable": [
          "jdc-home-manager",
          "iac",
          "nixpkgs"
        ]
      },
      "locked": {
        "lastModified": 1714478972,
        "narHash": "sha256-q//cgb52vv81uOuwz1LaXElp3XAe1TqrABXODAEF6Sk=",
        "owner": "cachix",
        "repo": "pre-commit-hooks.nix",
        "rev": "2849da033884f54822af194400f8dff435ada242",
        "type": "github"
      },
      "original": {
        "owner": "cachix",
        "repo": "pre-commit-hooks.nix",
        "type": "github"
      }
    },
    "root": {
      "inputs": {
        "futils": [
          "iac",
          "futils"
        ],
        "home-manager": [
          "jdc-home-manager",
          "home-manager"
        ],
        "iac": "iac",
        "jdc-home-manager": "jdc-home-manager",
        "nixpkgs": [
          "iac",
          "nixpkgs"
        ],
        "pre-commit-hooks": [
          "iac",
          "pre-commit-hooks"
        ]
      }
    },
    "systems": {
      "locked": {
        "lastModified": 1681028828,
        "narHash": "sha256-Vy1rq5AaRuLzOxct8nz4T6wlgyUR7zLU309k9mBC768=",
        "owner": "nix-systems",
        "repo": "default",
        "rev": "da67096a3b9bf56a91d16901293e51ba5b49a27e",
        "type": "github"
      },
      "original": {
        "owner": "nix-systems",
        "repo": "default",
        "type": "github"
      }
    },
    "systems_2": {
      "locked": {
        "lastModified": 1689347949,
        "narHash": "sha256-12tWmuL2zgBgZkdoB6qXZsgJEH9LR3oUgpaQq2RbI80=",
        "owner": "nix-systems",
        "repo": "default-linux",
        "rev": "31732fcf5e8fea42e59c2488ad31a0e651500f68",
        "type": "github"
      },
      "original": {
        "owner": "nix-systems",
        "repo": "default-linux",
        "type": "github"
      }
    },
    "systems_3": {
      "locked": {
        "lastModified": 1681028828,
        "narHash": "sha256-Vy1rq5AaRuLzOxct8nz4T6wlgyUR7zLU309k9mBC768=",
        "owner": "nix-systems",
        "repo": "default",
        "rev": "da67096a3b9bf56a91d16901293e51ba5b49a27e",
        "type": "github"
      },
      "original": {
        "owner": "nix-systems",
        "repo": "default",
        "type": "github"
      }
    },
    "wlroots": {
      "flake": false,
      "locked": {
        "host": "gitlab.freedesktop.org",
        "lastModified": 1709983277,
        "narHash": "sha256-wXWIJLd4F2JZeMaihWVDW/yYXCLEC8OpeNJZg9a9ly8=",
        "owner": "wlroots",
        "repo": "wlroots",
        "rev": "50eae512d9cecbf0b3b1898bb1f0b40fa05fe19b",
        "type": "gitlab"
      },
      "original": {
        "host": "gitlab.freedesktop.org",
        "owner": "wlroots",
        "repo": "wlroots",
        "rev": "50eae512d9cecbf0b3b1898bb1f0b40fa05fe19b",
        "type": "gitlab"
      }
    },
    "xdph": {
      "inputs": {
        "hyprland-protocols": [
          "jdc-home-manager",
          "hyprland",
          "hyprland-protocols"
        ],
        "hyprlang": [
          "jdc-home-manager",
          "hyprland",
          "hyprlang"
        ],
        "nixpkgs": [
          "jdc-home-manager",
          "hyprland",
          "nixpkgs"
        ],
        "systems": [
          "jdc-home-manager",
          "hyprland",
          "systems"
        ]
      },
      "locked": {
        "lastModified": 1709299639,
        "narHash": "sha256-jYqJM5khksLIbqSxCLUUcqEgI+O2LdlSlcMEBs39CAU=",
        "owner": "hyprwm",
        "repo": "xdg-desktop-portal-hyprland",
        "rev": "2d2fb547178ec025da643db57d40a971507b82fe",
        "type": "github"
      },
      "original": {
        "owner": "hyprwm",
        "repo": "xdg-desktop-portal-hyprland",
        "type": "github"
      }
    }
  },
  "root": "root",
  "version": 7
}
